
Microsoft Visual Studio Solution File, Format Version 11.00
# Visual Studio 2010
Project("{FAE04EC0-301F-11D3-BF4B-00C04F79EFBC}") = "Assembly-CSharp", "Assembly-CSharp.csproj", "{F005415D-7BD8-A31C-E597-98B0B4E111DA}"
EndProject
Project("{FAE04EC0-301F-11D3-BF4B-00C04F79EFBC}") = "VuforiaScripts", "VuforiaScripts.csproj", "{EEB2F6BA-FAFC-C6D9-5A02-B7A9A795D222}"
EndProject
Project("{FAE04EC0-301F-11D3-BF4B-00C04F79EFBC}") = "Assembly-CSharp-Editor", "Assembly-CSharp-Editor.csproj", "{FF94B4BF-505E-7CF3-A2B2-4C740274DED3}"
EndProject
Project("{FAE04EC0-301F-11D3-BF4B-00C04F79EFBC}") = "VuforiaEditorScripts", "VuforiaEditorScripts.csproj", "{D0A407B6-8245-1EBD-F0CC-C26B85E1F502}"
EndProject
Global
	GlobalSection(SolutionConfigurationPlatforms) = preSolution
		Debug|Any CPU = Debug|Any CPU
		Release|Any CPU = Release|Any CPU
	EndGlobalSection
	GlobalSection(ProjectConfigurationPlatforms) = postSolution
		{F005415D-7BD8-A31C-E597-98B0B4E111DA}.Debug|Any CPU.ActiveCfg = Debug|Any CPU
		{F005415D-7BD8-A31C-E597-98B0B4E111DA}.Debug|Any CPU.Build.0 = Debug|Any CPU
		{F005415D-7BD8-A31C-E597-98B0B4E111DA}.Release|Any CPU.ActiveCfg = Release|Any CPU
		{F005415D-7BD8-A31C-E597-98B0B4E111DA}.Release|Any CPU.Build.0 = Release|Any CPU
		{EEB2F6BA-FAFC-C6D9-5A02-B7A9A795D222}.Debug|Any CPU.ActiveCfg = Debug|Any CPU
		{EEB2F6BA-FAFC-C6D9-5A02-B7A9A795D222}.Debug|Any CPU.Build.0 = Debug|Any CPU
		{EEB2F6BA-FAFC-C6D9-5A02-B7A9A795D222}.Release|Any CPU.ActiveCfg = Release|Any CPU
		{EEB2F6BA-FAFC-C6D9-5A02-B7A9A795D222}.Release|Any CPU.Build.0 = Release|Any CPU
		{FF94B4BF-505E-7CF3-A2B2-4C740274DED3}.Debug|Any CPU.ActiveCfg = Debug|Any CPU
		{FF94B4BF-505E-7CF3-A2B2-4C740274DED3}.Debug|Any CPU.Build.0 = Debug|Any CPU
		{FF94B4BF-505E-7CF3-A2B2-4C740274DED3}.Release|Any CPU.ActiveCfg = Release|Any CPU
		{FF94B4BF-505E-7CF3-A2B2-4C740274DED3}.Release|Any CPU.Build.0 = Release|Any CPU
		{D0A407B6-8245-1EBD-F0CC-C26B85E1F502}.Debug|Any CPU.ActiveCfg = Debug|Any CPU
		{D0A407B6-8245-1EBD-F0CC-C26B85E1F502}.Debug|Any CPU.Build.0 = Debug|Any CPU
		{D0A407B6-8245-1EBD-F0CC-C26B85E1F502}.Release|Any CPU.ActiveCfg = Release|Any CPU
		{D0A407B6-8245-1EBD-F0CC-C26B85E1F502}.Release|Any CPU.Build.0 = Release|Any CPU
	EndGlobalSection
	GlobalSection(SolutionProperties) = preSolution
		HideSolutionNode = FALSE
	EndGlobalSection
	GlobalSection(MonoDevelopProperties) = preSolution
		StartupItem = Assembly-CSharp.csproj
	EndGlobalSection
EndGlobal
