
Microsoft Visual Studio Solution File, Format Version 11.00
# Visual Studio 2010
Project("{FAE04EC0-301F-11D3-BF4B-00C04F79EFBC}") = "Assembly-CSharp", "Assembly-CSharp.csproj", "{C8D708E7-05FC-FF42-7876-532DA623FB54}"
EndProject
Project("{FAE04EC0-301F-11D3-BF4B-00C04F79EFBC}") = "VuforiaScripts", "VuforiaScripts.csproj", "{592BB218-8C20-75E7-9C0A-DD6C4F8D03E2}"
EndProject
Project("{FAE04EC0-301F-11D3-BF4B-00C04F79EFBC}") = "Assembly-CSharp-Editor", "Assembly-CSharp-Editor.csproj", "{83B59618-A769-AB92-48F4-DD1C5FE0856F}"
EndProject
Project("{FAE04EC0-301F-11D3-BF4B-00C04F79EFBC}") = "VuforiaEditorScripts", "VuforiaEditorScripts.csproj", "{AB262C82-E0FD-B065-B7CD-E560AA4AD48A}"
EndProject
Global
	GlobalSection(SolutionConfigurationPlatforms) = preSolution
		Debug|Any CPU = Debug|Any CPU
		Release|Any CPU = Release|Any CPU
	EndGlobalSection
	GlobalSection(ProjectConfigurationPlatforms) = postSolution
		{C8D708E7-05FC-FF42-7876-532DA623FB54}.Debug|Any CPU.ActiveCfg = Debug|Any CPU
		{C8D708E7-05FC-FF42-7876-532DA623FB54}.Debug|Any CPU.Build.0 = Debug|Any CPU
		{C8D708E7-05FC-FF42-7876-532DA623FB54}.Release|Any CPU.ActiveCfg = Release|Any CPU
		{C8D708E7-05FC-FF42-7876-532DA623FB54}.Release|Any CPU.Build.0 = Release|Any CPU
		{592BB218-8C20-75E7-9C0A-DD6C4F8D03E2}.Debug|Any CPU.ActiveCfg = Debug|Any CPU
		{592BB218-8C20-75E7-9C0A-DD6C4F8D03E2}.Debug|Any CPU.Build.0 = Debug|Any CPU
		{592BB218-8C20-75E7-9C0A-DD6C4F8D03E2}.Release|Any CPU.ActiveCfg = Release|Any CPU
		{592BB218-8C20-75E7-9C0A-DD6C4F8D03E2}.Release|Any CPU.Build.0 = Release|Any CPU
		{83B59618-A769-AB92-48F4-DD1C5FE0856F}.Debug|Any CPU.ActiveCfg = Debug|Any CPU
		{83B59618-A769-AB92-48F4-DD1C5FE0856F}.Debug|Any CPU.Build.0 = Debug|Any CPU
		{83B59618-A769-AB92-48F4-DD1C5FE0856F}.Release|Any CPU.ActiveCfg = Release|Any CPU
		{83B59618-A769-AB92-48F4-DD1C5FE0856F}.Release|Any CPU.Build.0 = Release|Any CPU
		{AB262C82-E0FD-B065-B7CD-E560AA4AD48A}.Debug|Any CPU.ActiveCfg = Debug|Any CPU
		{AB262C82-E0FD-B065-B7CD-E560AA4AD48A}.Debug|Any CPU.Build.0 = Debug|Any CPU
		{AB262C82-E0FD-B065-B7CD-E560AA4AD48A}.Release|Any CPU.ActiveCfg = Release|Any CPU
		{AB262C82-E0FD-B065-B7CD-E560AA4AD48A}.Release|Any CPU.Build.0 = Release|Any CPU
	EndGlobalSection
	GlobalSection(SolutionProperties) = preSolution
		HideSolutionNode = FALSE
	EndGlobalSection
	GlobalSection(MonoDevelopProperties) = preSolution
		StartupItem = Assembly-CSharp.csproj
	EndGlobalSection
EndGlobal
